// !$*UTF8*$!
{
	archiveVersion = 1;
	classes = {
	};
	objectVersion = 77;
	objects = {

/* Begin PBXBuildFile section */
		84E834952E275BF100F81402 /* PRESTIGE_APPLICATION_OVERVIEW.txt in Resources */ = {isa = PBXBuildFile; fileRef = 84E834912E275BF100F81402 /* PRESTIGE_APPLICATION_OVERVIEW.txt */; };
		84E834962E275BF100F81402 /* PRESTIGE_FILE_STRUCTURE_GUIDE.md in Resources */ = {isa = PBXBuildFile; fileRef = 84E834922E275BF100F81402 /* PRESTIGE_FILE_STRUCTURE_GUIDE.md */; };
		84E834972E275BF100F81402 /* PRESTIGE_IOS_MIGRATION_GUIDE.md in Resources */ = {isa = PBXBuildFile; fileRef = 84E834932E275BF100F81402 /* PRESTIGE_IOS_MIGRATION_GUIDE.md */; };
/* End PBXBuildFile section */

/* Begin PBXContainerItemProxy section */
		84AAB8C92DA4067B007ADD39 /* PBXContainerItemProxy */ = {
			isa = PBXContainerItemProxy;
			containerPortal = 84AAB8B22DA4067A007ADD39 /* Project object */;
			proxyType = 1;
			remoteGlobalIDString = 84AAB8B92DA4067A007ADD39;
			remoteInfo = PrestigeNative;
		};
		84AAB8D32DA4067B007ADD39 /* PBXContainerItemProxy */ = {
			isa = PBXContainerItemProxy;
			containerPortal = 84AAB8B22DA4067A007ADD39 /* Project object */;
			proxyType = 1;
			remoteGlobalIDString = 84AAB8B92DA4067A007ADD39;
			remoteInfo = PrestigeNative;
		};
/* End PBXContainerItemProxy section */

/* Begin PBXFileReference section */
		84AAB8BA2DA4067A007ADD39 /* PrestigeNative.app */ = {isa = PBXFileReference; explicitFileType = wrapper.application; includeInIndex = 0; path = PrestigeNative.app; sourceTree = BUILT_PRODUCTS_DIR; };
		84AAB8C82DA4067B007ADD39 /* PrestigeNativeTests.xctest */ = {isa = PBXFileReference; explicitFileType = wrapper.cfbundle; includeInIndex = 0; path = PrestigeNativeTests.xctest; sourceTree = BUILT_PRODUCTS_DIR; };
		84AAB8D22DA4067B007ADD39 /* PrestigeNativeUITests.xctest */ = {isa = PBXFileReference; explicitFileType = wrapper.cfbundle; includeInIndex = 0; path = PrestigeNativeUITests.xctest; sourceTree = BUILT_PRODUCTS_DIR; };
		84E834912E275BF100F81402 /* PRESTIGE_APPLICATION_OVERVIEW.txt */ = {isa = PBXFileReference; lastKnownFileType = text; path = PRESTIGE_APPLICATION_OVERVIEW.txt; sourceTree = "<group>"; };
		84E834922E275BF100F81402 /* PRESTIGE_FILE_STRUCTURE_GUIDE.md */ = {isa = PBXFileReference; lastKnownFileType = net.daringfireball.markdown; path = PRESTIGE_FILE_STRUCTURE_GUIDE.md; sourceTree = "<group>"; };
		84E834932E275BF100F81402 /* PRESTIGE_IOS_MIGRATION_GUIDE.md */ = {isa = PBXFileReference; lastKnownFileType = net.daringfireball.markdown; path = PRESTIGE_IOS_MIGRATION_GUIDE.md; sourceTree = "<group>"; };
/* End PBXFileReference section */

/* Begin PBXFileSystemSynchronizedBuildFileExceptionSet section */
		84E834DF2E276D6A00F81402 /* Exceptions for "PrestigeNative" folder in "PrestigeNative" target */ = {
			isa = PBXFileSystemSynchronizedBuildFileExceptionSet;
			membershipExceptions = (
				Info.plist,
			);
			target = 84AAB8B92DA4067A007ADD39 /* PrestigeNative */;
		};
/* End PBXFileSystemSynchronizedBuildFileExceptionSet section */

/* Begin PBXFileSystemSynchronizedRootGroup section */
		84AAB8BC2DA4067A007ADD39 /* PrestigeNative */ = {
			isa = PBXFileSystemSynchronizedRootGroup;
			exceptions = (
				84E834DF2E276D6A00F81402 /* Exceptions for "PrestigeNative" folder in "PrestigeNative" target */,
			);
			path = PrestigeNative;
			sourceTree = "<group>";
		};
		84AAB8CB2DA4067B007ADD39 /* PrestigeNativeTests */ = {
			isa = PBXFileSystemSynchronizedRootGroup;
			path = PrestigeNativeTests;
			sourceTree = "<group>";
		};
		84AAB8D52DA4067B007ADD39 /* PrestigeNativeUITests */ = {
			isa = PBXFileSystemSynchronizedRootGroup;
			path = PrestigeNativeUITests;
			sourceTree = "<group>";
		};
/* End PBXFileSystemSynchronizedRootGroup section */

/* Begin PBXFrameworksBuildPhase section */
		84AAB8B72DA4067A007ADD39 /* Frameworks */ = {
			isa = PBXFrameworksBuildPhase;
			buildActionMask = 2147483647;
			files = (
			);
			runOnlyForDeploymentPostprocessing = 0;
		};
		84AAB8C52DA4067B007ADD39 /* Frameworks */ = {
			isa = PBXFrameworksBuildPhase;
			buildActionMask = 2147483647;
			files = (
			);
			runOnlyForDeploymentPostprocessing = 0;
		};
		84AAB8CF2DA4067B007ADD39 /* Frameworks */ = {
			isa = PBXFrameworksBuildPhase;
			buildActionMask = 2147483647;
			files = (
			);
			runOnlyForDeploymentPostprocessing = 0;
		};
/* End PBXFrameworksBuildPhase section */

/* Begin PBXGroup section */
		84AAB8B12DA4067A007ADD39 = {
			isa = PBXGroup;
			children = (
				84AAB8BC2DA4067A007ADD39 /* PrestigeNative */,
				84AAB8CB2DA4067B007ADD39 /* PrestigeNativeTests */,
				84AAB8D52DA4067B007ADD39 /* PrestigeNativeUITests */,
				84AAB8BB2DA4067A007ADD39 /* Products */,
				84E834912E275BF100F81402 /* PRESTIGE_APPLICATION_OVERVIEW.txt */,
				84E834922E275BF100F81402 /* PRESTIGE_FILE_STRUCTURE_GUIDE.md */,
				84E834932E275BF100F81402 /* PRESTIGE_IOS_MIGRATION_GUIDE.md */,
			);
			sourceTree = "<group>";
		};
		84AAB8BB2DA4067A007ADD39 /* Products */ = {
			isa = PBXGroup;
			children = (
				84AAB8BA2DA4067A007ADD39 /* PrestigeNative.app */,
				84AAB8C82DA4067B007ADD39 /* PrestigeNativeTests.xctest */,
				84AAB8D22DA4067B007ADD39 /* PrestigeNativeUITests.xctest */,
			);
			name = Products;
			sourceTree = "<group>";
		};
/* End PBXGroup section */

/* Begin PBXNativeTarget section */
		84AAB8B92DA4067A007ADD39 /* PrestigeNative */ = {
			isa = PBXNativeTarget;
			buildConfigurationList = 84AAB8DC2DA4067B007ADD39 /* Build configuration list for PBXNativeTarget "PrestigeNative" */;
			buildPhases = (
				84AAB8B62DA4067A007ADD39 /* Sources */,
				84AAB8B72DA4067A007ADD39 /* Frameworks */,
				84AAB8B82DA4067A007ADD39 /* Resources */,
			);
			buildRules = (
			);
			dependencies = (
			);
			fileSystemSynchronizedGroups = (
				84AAB8BC2DA4067A007ADD39 /* PrestigeNative */,
			);
			name = PrestigeNative;
			packageProductDependencies = (
			);
			productName = PrestigeNative;
			productReference = 84AAB8BA2DA4067A007ADD39 /* PrestigeNative.app */;
			productType = "com.apple.product-type.application";
		};
		84AAB8C72DA4067B007ADD39 /* PrestigeNativeTests */ = {
			isa = PBXNativeTarget;
			buildConfigurationList = 84AAB8DF2DA4067B007ADD39 /* Build configuration list for PBXNativeTarget "PrestigeNativeTests" */;
			buildPhases = (
				84AAB8C42DA4067B007ADD39 /* Sources */,
				84AAB8C52DA4067B007ADD39 /* Frameworks */,
				84AAB8C62DA4067B007ADD39 /* Resources */,
			);
			buildRules = (
			);
			dependencies = (
				84AAB8CA2DA4067B007ADD39 /* PBXTargetDependency */,
			);
			fileSystemSynchronizedGroups = (
				84AAB8CB2DA4067B007ADD39 /* PrestigeNativeTests */,
			);
			name = PrestigeNativeTests;
			packageProductDependencies = (
			);
			productName = PrestigeNativeTests;
			productReference = 84AAB8C82DA4067B007ADD39 /* PrestigeNativeTests.xctest */;
			productType = "com.apple.product-type.bundle.unit-test";
		};
		84AAB8D12DA4067B007ADD39 /* PrestigeNativeUITests */ = {
			isa = PBXNativeTarget;
			buildConfigurationList = 84AAB8E22DA4067B007ADD39 /* Build configuration list for PBXNativeTarget "PrestigeNativeUITests" */;
			buildPhases = (
				84AAB8CE2DA4067B007ADD39 /* Sources */,
				84AAB8CF2DA4067B007ADD39 /* Frameworks */,
				84AAB8D02DA4067B007ADD39 /* Resources */,
			);
			buildRules = (
			);
			dependencies = (
				84AAB8D42DA4067B007ADD39 /* PBXTargetDependency */,
			);
			fileSystemSynchronizedGroups = (
				84AAB8D52DA4067B007ADD39 /* PrestigeNativeUITests */,
			);
			name = PrestigeNativeUITests;
			packageProductDependencies = (
			);
			productName = PrestigeNativeUITests;
			productReference = 84AAB8D22DA4067B007ADD39 /* PrestigeNativeUITests.xctest */;
			productType = "com.apple.product-type.bundle.ui-testing";
		};
/* End PBXNativeTarget section */

/* Begin PBXProject section */
		84AAB8B22DA4067A007ADD39 /* Project object */ = {
			isa = PBXProject;
			attributes = {
				BuildIndependentTargetsInParallel = 1;
				LastSwiftUpdateCheck = 1630;
				LastUpgradeCheck = 1630;
				TargetAttributes = {
					84AAB8B92DA4067A007ADD39 = {
						CreatedOnToolsVersion = 16.3;
					};
					84AAB8C72DA4067B007ADD39 = {
						CreatedOnToolsVersion = 16.3;
						TestTargetID = 84AAB8B92DA4067A007ADD39;
					};
					84AAB8D12DA4067B007ADD39 = {
						CreatedOnToolsVersion = 16.3;
						TestTargetID = 84AAB8B92DA4067A007ADD39;
					};
				};
			};
			buildConfigurationList = 84AAB8B52DA4067A007ADD39 /* Build configuration list for PBXProject "PrestigeNative" */;
			developmentRegion = en;
			hasScannedForEncodings = 0;
			knownRegions = (
				en,
				Base,
			);
			mainGroup = 84AAB8B12DA4067A007ADD39;
			minimizedProjectReferenceProxies = 1;
			preferredProjectObjectVersion = 77;
			productRefGroup = 84AAB8BB2DA4067A007ADD39 /* Products */;
			projectDirPath = "";
			projectRoot = "";
			targets = (
				84AAB8B92DA4067A007ADD39 /* PrestigeNative */,
				84AAB8C72DA4067B007ADD39 /* PrestigeNativeTests */,
				84AAB8D12DA4067B007ADD39 /* PrestigeNativeUITests */,
			);
		};
/* End PBXProject section */

/* Begin PBXResourcesBuildPhase section */
		84AAB8B82DA4067A007ADD39 /* Resources */ = {
			isa = PBXResourcesBuildPhase;
			buildActionMask = 2147483647;
			files = (
				84E834952E275BF100F81402 /* PRESTIGE_APPLICATION_OVERVIEW.txt in Resources */,
				84E834962E275BF100F81402 /* PRESTIGE_FILE_STRUCTURE_GUIDE.md in Resources */,
				84E834972E275BF100F81402 /* PRESTIGE_IOS_MIGRATION_GUIDE.md in Resources */,
			);
			runOnlyForDeploymentPostprocessing = 0;
		};
		84AAB8C62DA4067B007ADD39 /* Resources */ = {
			isa = PBXResourcesBuildPhase;
			buildActionMask = 2147483647;
			files = (
			);
			runOnlyForDeploymentPostprocessing = 0;
		};
		84AAB8D02DA4067B007ADD39 /* Resources */ = {
			isa = PBXResourcesBuildPhase;
			buildActionMask = 2147483647;
			files = (
			);
			runOnlyForDeploymentPostprocessing = 0;
		};
/* End PBXResourcesBuildPhase section */

/* Begin PBXSourcesBuildPhase section */
		84AAB8B62DA4067A007ADD39 /* Sources */ = {
			isa = PBXSourcesBuildPhase;
			buildActionMask = 2147483647;
			files = (
			);
			runOnlyForDeploymentPostprocessing = 0;
		};
		84AAB8C42DA4067B007ADD39 /* Sources */ = {
			isa = PBXSourcesBuildPhase;
			buildActionMask = 2147483647;
			files = (
			);
			runOnlyForDeploymentPostprocessing = 0;
		};
		84AAB8CE2DA4067B007ADD39 /* Sources */ = {
			isa = PBXSourcesBuildPhase;
			buildActionMask = 2147483647;
			files = (
			);
			runOnlyForDeploymentPostprocessing = 0;
		};
/* End PBXSourcesBuildPhase section */

/* Begin PBXTargetDependency section */
		84AAB8CA2DA4067B007ADD39 /* PBXTargetDependency */ = {
			isa = PBXTargetDependency;
			target = 84AAB8B92DA4067A007ADD39 /* PrestigeNative */;
			targetProxy = 84AAB8C92DA4067B007ADD39 /* PBXContainerItemProxy */;
		};
		84AAB8D42DA4067B007ADD39 /* PBXTargetDependency */ = {
			isa = PBXTargetDependency;
			target = 84AAB8B92DA4067A007ADD39 /* PrestigeNative */;
			targetProxy = 84AAB8D32DA4067B007ADD39 /* PBXContainerItemProxy */;
		};
/* End PBXTargetDependency section */

/* Begin XCBuildConfiguration section */
		84AAB8DA2DA4067B007ADD39 /* Debug */ = {
			isa = XCBuildConfiguration;
			buildSettings = {
				ALWAYS_SEARCH_USER_PATHS = NO;
				ASSETCATALOG_COMPILER_GENERATE_SWIFT_ASSET_SYMBOL_EXTENSIONS = YES;
				CLANG_ANALYZER_NONNULL = YES;
				CLANG_ANALYZER_NUMBER_OBJECT_CONVERSION = YES_AGGRESSIVE;
				CLANG_CXX_LANGUAGE_STANDARD = "gnu++20";
				CLANG_ENABLE_MODULES = YES;
				CLANG_ENABLE_OBJC_ARC = YES;
				CLANG_ENABLE_OBJC_WEAK = YES;
				CLANG_WARN_BLOCK_CAPTURE_AUTORELEASING = YES;
				CLANG_WARN_BOOL_CONVERSION = YES;
				CLANG_WARN_COMMA = YES;
				CLANG_WARN_CONSTANT_CONVERSION = YES;
				CLANG_WARN_DEPRECATED_OBJC_IMPLEMENTATIONS = YES;
				CLANG_WARN_DIRECT_OBJC_ISA_USAGE = YES_ERROR;
				CLANG_WARN_DOCUMENTATION_COMMENTS = YES;
				CLANG_WARN_EMPTY_BODY = YES;
				CLANG_WARN_ENUM_CONVERSION = YES;
				CLANG_WARN_INFINITE_RECURSION = YES;
				CLANG_WARN_INT_CONVERSION = YES;
				CLANG_WARN_NON_LITERAL_NULL_CONVERSION = YES;
				CLANG_WARN_OBJC_IMPLICIT_RETAIN_SELF = YES;
				CLANG_WARN_OBJC_LITERAL_CONVERSION = YES;
				CLANG_WARN_OBJC_ROOT_CLASS = YES_ERROR;
				CLANG_WARN_QUOTED_INCLUDE_IN_FRAMEWORK_HEADER = YES;
				CLANG_WARN_RANGE_LOOP_ANALYSIS = YES;
				CLANG_WARN_STRICT_PROTOTYPES = YES;
				CLANG_WARN_SUSPICIOUS_MOVE = YES;
				CLANG_WARN_UNGUARDED_AVAILABILITY = YES_AGGRESSIVE;
				CLANG_WARN_UNREACHABLE_CODE = YES;
				CLANG_WARN__DUPLICATE_METHOD_MATCH = YES;
				COPY_PHASE_STRIP = NO;
				DEBUG_INFORMATION_FORMAT = dwarf;
				ENABLE_STRICT_OBJC_MSGSEND = YES;
				ENABLE_TESTABILITY = YES;
				ENABLE_USER_SCRIPT_SANDBOXING = YES;
				GCC_C_LANGUAGE_STANDARD = gnu17;
				GCC_DYNAMIC_NO_PIC = NO;
				GCC_NO_COMMON_BLOCKS = YES;
				GCC_OPTIMIZATION_LEVEL = 0;
				GCC_PREPROCESSOR_DEFINITIONS = (
					"DEBUG=1",
					"$(inherited)",
				);
				GCC_WARN_64_TO_32_BIT_CONVERSION = YES;
				GCC_WARN_ABOUT_RETURN_TYPE = YES_ERROR;
				GCC_WARN_UNDECLARED_SELECTOR = YES;
				GCC_WARN_UNINITIALIZED_AUTOS = YES_AGGRESSIVE;
				GCC_WARN_UNUSED_FUNCTION = YES;
				GCC_WARN_UNUSED_VARIABLE = YES;
				LOCALIZATION_PREFERS_STRING_CATALOGS = YES;
				MTL_ENABLE_DEBUG_INFO = INCLUDE_SOURCE;
				MTL_FAST_MATH = YES;
				ONLY_ACTIVE_ARCH = YES;
				SWIFT_ACTIVE_COMPILATION_CONDITIONS = "DEBUG $(inherited)";
				SWIFT_OPTIMIZATION_LEVEL = "-Onone";
			};
			name = Debug;
		};
		84AAB8DB2DA4067B007ADD39 /* Release */ = {
			isa = XCBuildConfiguration;
			buildSettings = {
				ALWAYS_SEARCH_USER_PATHS = NO;
				ASSETCATALOG_COMPILER_GENERATE_SWIFT_ASSET_SYMBOL_EXTENSIONS = YES;
				CLANG_ANALYZER_NONNULL = YES;
				CLANG_ANALYZER_NUMBER_OBJECT_CONVERSION = YES_AGGRESSIVE;
				CLANG_CXX_LANGUAGE_STANDARD = "gnu++20";
				CLANG_ENABLE_MODULES = YES;
				CLANG_ENABLE_OBJC_ARC = YES;
				CLANG_ENABLE_OBJC_WEAK = YES;
				CLANG_WARN_BLOCK_CAPTURE_AUTORELEASING = YES;
				CLANG_WARN_BOOL_CONVERSION = YES;
				CLANG_WARN_COMMA = YES;
				CLANG_WARN_CONSTANT_CONVERSION = YES;
				CLANG_WARN_DEPRECATED_OBJC_IMPLEMENTATIONS = YES;
				CLANG_WARN_DIRECT_OBJC_ISA_USAGE = YES_ERROR;
				CLANG_WARN_DOCUMENTATION_COMMENTS = YES;
				CLANG_WARN_EMPTY_BODY = YES;
				CLANG_WARN_ENUM_CONVERSION = YES;
				CLANG_WARN_INFINITE_RECURSION = YES;
				CLANG_WARN_INT_CONVERSION = YES;
				CLANG_WARN_NON_LITERAL_NULL_CONVERSION = YES;
				CLANG_WARN_OBJC_IMPLICIT_RETAIN_SELF = YES;
				CLANG_WARN_OBJC_LITERAL_CONVERSION = YES;
				CLANG_WARN_OBJC_ROOT_CLASS = YES_ERROR;
				CLANG_WARN_QUOTED_INCLUDE_IN_FRAMEWORK_HEADER = YES;
				CLANG_WARN_RANGE_LOOP_ANALYSIS = YES;
				CLANG_WARN_STRICT_PROTOTYPES = YES;
				CLANG_WARN_SUSPICIOUS_MOVE = YES;
				CLANG_WARN_UNGUARDED_AVAILABILITY = YES_AGGRESSIVE;
				CLANG_WARN_UNREACHABLE_CODE = YES;
				CLANG_WARN__DUPLICATE_METHOD_MATCH = YES;
				COPY_PHASE_STRIP = NO;
				DEBUG_INFORMATION_FORMAT = "dwarf-with-dsym";
				ENABLE_NS_ASSERTIONS = NO;
				ENABLE_STRICT_OBJC_MSGSEND = YES;
				ENABLE_USER_SCRIPT_SANDBOXING = YES;
				GCC_C_LANGUAGE_STANDARD = gnu17;
				GCC_NO_COMMON_BLOCKS = YES;
				GCC_WARN_64_TO_32_BIT_CONVERSION = YES;
				GCC_WARN_ABOUT_RETURN_TYPE = YES_ERROR;
				GCC_WARN_UNDECLARED_SELECTOR = YES;
				GCC_WARN_UNINITIALIZED_AUTOS = YES_AGGRESSIVE;
				GCC_WARN_UNUSED_FUNCTION = YES;
				GCC_WARN_UNUSED_VARIABLE = YES;
				LOCALIZATION_PREFERS_STRING_CATALOGS = YES;
				MTL_ENABLE_DEBUG_INFO = NO;
				MTL_FAST_MATH = YES;
				SWIFT_COMPILATION_MODE = wholemodule;
			};
			name = Release;
		};
		84AAB8DD2DA4067B007ADD39 /* Debug */ = {
			isa = XCBuildConfiguration;
			buildSettings = {
				ASSETCATALOG_COMPILER_APPICON_NAME = AppIcon;
				ASSETCATALOG_COMPILER_GLOBAL_ACCENT_COLOR_NAME = AccentColor;
				CODE_SIGN_ENTITLEMENTS = PrestigeNative/PrestigeNative.entitlements;
				CODE_SIGN_STYLE = Automatic;
				CURRENT_PROJECT_VERSION = 1;
				ENABLE_PREVIEWS = YES;
				GENERATE_INFOPLIST_FILE = NO;
				"INFOPLIST_FILE[sdk=*]" = PrestigeNative/Info.plist;
				"INFOPLIST_KEY_UIApplicationSceneManifest_Generation[sdk=iphoneos*]" = YES;
				"INFOPLIST_KEY_UIApplicationSceneManifest_Generation[sdk=iphonesimulator*]" = YES;
				"INFOPLIST_KEY_UIApplicationSupportsIndirectInputEvents[sdk=iphoneos*]" = YES;
				"INFOPLIST_KEY_UIApplicationSupportsIndirectInputEvents[sdk=iphonesimulator*]" = YES;
				"INFOPLIST_KEY_UILaunchScreen_Generation[sdk=iphoneos*]" = YES;
				"INFOPLIST_KEY_UILaunchScreen_Generation[sdk=iphonesimulator*]" = YES;
				"INFOPLIST_KEY_UIStatusBarStyle[sdk=iphoneos*]" = UIStatusBarStyleDefault;
				"INFOPLIST_KEY_UIStatusBarStyle[sdk=iphonesimulator*]" = UIStatusBarStyleDefault;
				INFOPLIST_KEY_UISupportedInterfaceOrientations_iPad = "UIInterfaceOrientationPortrait UIInterfaceOrientationPortraitUpsideDown UIInterfaceOrientationLandscapeLeft UIInterfaceOrientationLandscapeRight";
				INFOPLIST_KEY_UISupportedInterfaceOrientations_iPhone = "UIInterfaceOrientationPortrait UIInterfaceOrientationLandscapeLeft UIInterfaceOrientationLandscapeRight";
				IPHONEOS_DEPLOYMENT_TARGET = 18.4;
				LD_RUNPATH_SEARCH_PATHS = "@executable_path/Frameworks";
				"LD_RUNPATH_SEARCH_PATHS[sdk=macosx*]" = "@executable_path/../Frameworks";
				MACOSX_DEPLOYMENT_TARGET = 15.3;
				MARKETING_VERSION = 1.0;
				PRODUCT_BUNDLE_IDENTIFIER = com.prestige.PrestigeNative;
				PRODUCT_NAME = "$(TARGET_NAME)";
				REGISTER_APP_GROUPS = YES;
				SDKROOT = auto;
				SUPPORTED_PLATFORMS = "iphoneos iphonesimulator macosx xros xrsimulator";
				SWIFT_EMIT_LOC_STRINGS = YES;
				SWIFT_VERSION = 5.0;
				TARGETED_DEVICE_FAMILY = "1,2,7";
				XROS_DEPLOYMENT_TARGET = 2.4;
			};
			name = Debug;
		};
		84AAB8DE2DA4067B007ADD39 /* Release */ = {
			isa = XCBuildConfiguration;
			buildSettings = {
				ASSETCATALOG_COMPILER_APPICON_NAME = AppIcon;
				ASSETCATALOG_COMPILER_GLOBAL_ACCENT_COLOR_NAME = AccentColor;
				CODE_SIGN_ENTITLEMENTS = PrestigeNative/PrestigeNative.entitlements;
				CODE_SIGN_STYLE = Automatic;
				CURRENT_PROJECT_VERSION = 1;
				ENABLE_PREVIEWS = YES;
				GENERATE_INFOPLIST_FILE = NO;
				"INFOPLIST_FILE[sdk=*]" = PrestigeNative/Info.plist;
				"INFOPLIST_KEY_UIApplicationSceneManifest_Generation[sdk=iphoneos*]" = YES;
				"INFOPLIST_KEY_UIApplicationSceneManifest_Generation[sdk=iphonesimulator*]" = YES;
				"INFOPLIST_KEY_UIApplicationSupportsIndirectInputEvents[sdk=iphoneos*]" = YES;
				"INFOPLIST_KEY_UIApplicationSupportsIndirectInputEvents[sdk=iphonesimulator*]" = YES;
				"INFOPLIST_KEY_UILaunchScreen_Generation[sdk=iphoneos*]" = YES;
				"INFOPLIST_KEY_UILaunchScreen_Generation[sdk=iphonesimulator*]" = YES;
				"INFOPLIST_KEY_UIStatusBarStyle[sdk=iphoneos*]" = UIStatusBarStyleDefault;
				"INFOPLIST_KEY_UIStatusBarStyle[sdk=iphonesimulator*]" = UIStatusBarStyleDefault;
				INFOPLIST_KEY_UISupportedInterfaceOrientations_iPad = "UIInterfaceOrientationPortrait UIInterfaceOrientationPortraitUpsideDown UIInterfaceOrientationLandscapeLeft UIInterfaceOrientationLandscapeRight";
				INFOPLIST_KEY_UISupportedInterfaceOrientations_iPhone = "UIInterfaceOrientationPortrait UIInterfaceOrientationLandscapeLeft UIInterfaceOrientationLandscapeRight";
				IPHONEOS_DEPLOYMENT_TARGET = 18.4;
				LD_RUNPATH_SEARCH_PATHS = "@executable_path/Frameworks";
				"LD_RUNPATH_SEARCH_PATHS[sdk=macosx*]" = "@executable_path/../Frameworks";
				MACOSX_DEPLOYMENT_TARGET = 15.3;
				MARKETING_VERSION = 1.0;
				PRODUCT_BUNDLE_IDENTIFIER = com.prestige.PrestigeNative;
				PRODUCT_NAME = "$(TARGET_NAME)";
				REGISTER_APP_GROUPS = YES;
				SDKROOT = auto;
				SUPPORTED_PLATFORMS = "iphoneos iphonesimulator macosx xros xrsimulator";
				SWIFT_EMIT_LOC_STRINGS = YES;
				SWIFT_VERSION = 5.0;
				TARGETED_DEVICE_FAMILY = "1,2,7";
				XROS_DEPLOYMENT_TARGET = 2.4;
			};
			name = Release;
		};
		84AAB8E02DA4067B007ADD39 /* Debug */ = {
			isa = XCBuildConfiguration;
			buildSettings = {
				BUNDLE_LOADER = "$(TEST_HOST)";
				CODE_SIGN_STYLE = Automatic;
				CURRENT_PROJECT_VERSION = 1;
				GENERATE_INFOPLIST_FILE = YES;
				IPHONEOS_DEPLOYMENT_TARGET = 18.4;
				MACOSX_DEPLOYMENT_TARGET = 15.3;
				MARKETING_VERSION = 1.0;
				PRODUCT_BUNDLE_IDENTIFIER = com.prestige.PrestigeNativeTests;
				PRODUCT_NAME = "$(TARGET_NAME)";
				SDKROOT = auto;
				SUPPORTED_PLATFORMS = "iphoneos iphonesimulator macosx xros xrsimulator";
				SWIFT_EMIT_LOC_STRINGS = NO;
				SWIFT_VERSION = 5.0;
				TARGETED_DEVICE_FAMILY = "1,2,7";
				TEST_HOST = "$(BUILT_PRODUCTS_DIR)/PrestigeNative.app/$(BUNDLE_EXECUTABLE_FOLDER_PATH)/PrestigeNative";
				XROS_DEPLOYMENT_TARGET = 2.4;
			};
			name = Debug;
		};
		84AAB8E12DA4067B007ADD39 /* Release */ = {
			isa = XCBuildConfiguration;
			buildSettings = {
				BUNDLE_LOADER = "$(TEST_HOST)";
				CODE_SIGN_STYLE = Automatic;
				CURRENT_PROJECT_VERSION = 1;
				GENERATE_INFOPLIST_FILE = YES;
				IPHONEOS_DEPLOYMENT_TARGET = 18.4;
				MACOSX_DEPLOYMENT_TARGET = 15.3;
				MARKETING_VERSION = 1.0;
				PRODUCT_BUNDLE_IDENTIFIER = com.prestige.PrestigeNativeTests;
				PRODUCT_NAME = "$(TARGET_NAME)";
				SDKROOT = auto;
				SUPPORTED_PLATFORMS = "iphoneos iphonesimulator macosx xros xrsimulator";
				SWIFT_EMIT_LOC_STRINGS = NO;
				SWIFT_VERSION = 5.0;
				TARGETED_DEVICE_FAMILY = "1,2,7";
				TEST_HOST = "$(BUILT_PRODUCTS_DIR)/PrestigeNative.app/$(BUNDLE_EXECUTABLE_FOLDER_PATH)/PrestigeNative";
				XROS_DEPLOYMENT_TARGET = 2.4;
			};
			name = Release;
		};
		84AAB8E32DA4067B007ADD39 /* Debug */ = {
			isa = XCBuildConfiguration;
			buildSettings = {
				CODE_SIGN_STYLE = Automatic;
				CURRENT_PROJECT_VERSION = 1;
				GENERATE_INFOPLIST_FILE = YES;
				IPHONEOS_DEPLOYMENT_TARGET = 18.4;
				MACOSX_DEPLOYMENT_TARGET = 15.3;
				MARKETING_VERSION = 1.0;
				PRODUCT_BUNDLE_IDENTIFIER = com.prestige.PrestigeNativeUITests;
				PRODUCT_NAME = "$(TARGET_NAME)";
				SDKROOT = auto;
				SUPPORTED_PLATFORMS = "iphoneos iphonesimulator macosx xros xrsimulator";
				SWIFT_EMIT_LOC_STRINGS = NO;
				SWIFT_VERSION = 5.0;
				TARGETED_DEVICE_FAMILY = "1,2,7";
				TEST_TARGET_NAME = PrestigeNative;
				XROS_DEPLOYMENT_TARGET = 2.4;
			};
			name = Debug;
		};
		84AAB8E42DA4067B007ADD39 /* Release */ = {
			isa = XCBuildConfiguration;
			buildSettings = {
				CODE_SIGN_STYLE = Automatic;
				CURRENT_PROJECT_VERSION = 1;
				GENERATE_INFOPLIST_FILE = YES;
				IPHONEOS_DEPLOYMENT_TARGET = 18.4;
				MACOSX_DEPLOYMENT_TARGET = 15.3;
				MARKETING_VERSION = 1.0;
				PRODUCT_BUNDLE_IDENTIFIER = com.prestige.PrestigeNativeUITests;
				PRODUCT_NAME = "$(TARGET_NAME)";
				SDKROOT = auto;
				SUPPORTED_PLATFORMS = "iphoneos iphonesimulator macosx xros xrsimulator";
				SWIFT_EMIT_LOC_STRINGS = NO;
				SWIFT_VERSION = 5.0;
				TARGETED_DEVICE_FAMILY = "1,2,7";
				TEST_TARGET_NAME = PrestigeNative;
				XROS_DEPLOYMENT_TARGET = 2.4;
			};
			name = Release;
		};
/* End XCBuildConfiguration section */

/* Begin XCConfigurationList section */
		84AAB8B52DA4067A007ADD39 /* Build configuration list for PBXProject "PrestigeNative" */ = {
			isa = XCConfigurationList;
			buildConfigurations = (
				84AAB8DA2DA4067B007ADD39 /* Debug */,
				84AAB8DB2DA4067B007ADD39 /* Release */,
			);
			defaultConfigurationIsVisible = 0;
			defaultConfigurationName = Release;
		};
		84AAB8DC2DA4067B007ADD39 /* Build configuration list for PBXNativeTarget "PrestigeNative" */ = {
			isa = XCConfigurationList;
			buildConfigurations = (
				84AAB8DD2DA4067B007ADD39 /* Debug */,
				84AAB8DE2DA4067B007ADD39 /* Release */,
			);
			defaultConfigurationIsVisible = 0;
			defaultConfigurationName = Release;
		};
		84AAB8DF2DA4067B007ADD39 /* Build configuration list for PBXNativeTarget "PrestigeNativeTests" */ = {
			isa = XCConfigurationList;
			buildConfigurations = (
				84AAB8E02DA4067B007ADD39 /* Debug */,
				84AAB8E12DA4067B007ADD39 /* Release */,
			);
			defaultConfigurationIsVisible = 0;
			defaultConfigurationName = Release;
		};
		84AAB8E22DA4067B007ADD39 /* Build configuration list for PBXNativeTarget "PrestigeNativeUITests" */ = {
			isa = XCConfigurationList;
			buildConfigurations = (
				84AAB8E32DA4067B007ADD39 /* Debug */,
				84AAB8E42DA4067B007ADD39 /* Release */,
			);
			defaultConfigurationIsVisible = 0;
			defaultConfigurationName = Release;
		};
/* End XCConfigurationList section */
	};
	rootObject = 84AAB8B22DA4067A007ADD39 /* Project object */;
}
